Microsoft Visual Studio Solution File, Format Version 12.00
# Visual Studio Version 17
VisualStudioVersion = 17.5.2.0
MinimumVisualStudioVersion = 10.0.40219.1
Project("{FAE04EC0-301F-11D3-BF4B-00C04F79EFBC}") = "TurbaserakonsolspelPRR2", "TurbaserakonsolspelPRR2.csproj", "{E4B7B706-5437-D83D-4E52-9D1FE5EADC66}"
EndProject
Global
	GlobalSection(SolutionConfigurationPlatforms) = preSolution
		Debug|Any CPU = Debug|Any CPU
		Release|Any CPU = Release|Any CPU
	EndGlobalSection
	GlobalSection(ProjectConfigurationPlatforms) = postSolution
		{E4B7B706-5437-D83D-4E52-9D1FE5EADC66}.Debug|Any CPU.ActiveCfg = Debug|Any CPU
		{E4B7B706-5437-D83D-4E52-9D1FE5EADC66}.Debug|Any CPU.Build.0 = Debug|Any CPU
		{E4B7B706-5437-D83D-4E52-9D1FE5EADC66}.Release|Any CPU.ActiveCfg = Release|Any CPU
		{E4B7B706-5437-D83D-4E52-9D1FE5EADC66}.Release|Any CPU.Build.0 = Release|Any CPU
	EndGlobalSection
	GlobalSection(SolutionProperties) = preSolution
		HideSolutionNode = FALSE
	EndGlobalSection
	GlobalSection(ExtensibilityGlobals) = postSolution
		SolutionGuid = {18F7AC81-78C2-454A-B59C-81D173E4B485}
	EndGlobalSection
EndGlobal
